github.com/rizkaasta/project_module v1.0.0 h1:7TAyJKHZaR1Q8CLuXJvwiZY94MvylCD7+1bhLPrRSXw=
github.com/rizkaasta/project_module v1.0.0/go.mod h1:4u3EGOX2p6zLDfLmqQsIR7SP67mfgp9BRVh/9KOO7RE=
github.com/rizkaasta/project_module/v2 v2.0.0 h1:AOrQqoiQxyv8p7f/QiihWipIzJE2dTCl5E7OIrYb+Mk=
github.com/rizkaasta/project_module/v2 v2.0.0/go.mod h1:W5aagDXoqhD6HMao3M0QJe2dtvv8W3Q37Ti6iXsbatg=
github.com/rizkaasta/project_module/v2 v2.1.0 h1:/vYCCY84PBPZkwbvsqQgBCEpCkX13eMo8Iv4Xvh0TFM=
github.com/rizkaasta/project_module/v2 v2.1.0/go.mod h1:W5aagDXoqhD6HMao3M0QJe2dtvv8W3Q37Ti6iXsbatg=
github.com/rizkaasta/project_module/v2 v2.2.0 h1:tgfqxqLuygTcNmzGR9lwXPI4Y0fWwMJO/8s08Mf0Sig=
github.com/rizkaasta/project_module/v2 v2.2.0/go.mod h1:W5aagDXoqhD6HMao3M0QJe2dtvv8W3Q37Ti6iXsbatg=
